Microsoft Visual Studio Solution File, Format Version 12.00
# Visual Studio Version 17
VisualStudioVersion = 17.12.35527.113 d17.12
MinimumVisualStudioVersion = 10.0.40219.1
Project("{FAE04EC0-301F-11D3-BF4B-00C04F79EFBC}") = "spoonacular", "src\spoonacular\spoonacular.csproj", "{F31A0234-3AB7-4F0C-B889-AECE893F4AC5}"
EndProject
Project("{FAE04EC0-301F-11D3-BF4B-00C04F79EFBC}") = "spoonacular.Test", "src\spoonacular.Test\spoonacular.Test.csproj", "{19F1DEBC-DE5E-4517-8062-F000CD499087}"
EndProject
Project("{FAE04EC0-301F-11D3-BF4B-00C04F79EFBC}") = "Spoonacular.Console", "Spoonacular.Console\Spoonacular.Console.csproj", "{C49CD86E-F3DA-4165-A30A-B9F9B84FB266}"
EndProject
Global
	GlobalSection(SolutionConfigurationPlatforms) = preSolution
		Debug|Any CPU = Debug|Any CPU
		Release|Any CPU = Release|Any CPU
	EndGlobalSection
	GlobalSection(ProjectConfigurationPlatforms) = postSolution
		{F31A0234-3AB7-4F0C-B889-AECE893F4AC5}.Debug|Any CPU.ActiveCfg = Debug|Any CPU
		{F31A0234-3AB7-4F0C-B889-AECE893F4AC5}.Debug|Any CPU.Build.0 = Debug|Any CPU
		{F31A0234-3AB7-4F0C-B889-AECE893F4AC5}.Release|Any CPU.ActiveCfg = Release|Any CPU
		{F31A0234-3AB7-4F0C-B889-AECE893F4AC5}.Release|Any CPU.Build.0 = Release|Any CPU
		{19F1DEBC-DE5E-4517-8062-F000CD499087}.Debug|Any CPU.ActiveCfg = Debug|Any CPU
		{19F1DEBC-DE5E-4517-8062-F000CD499087}.Debug|Any CPU.Build.0 = Debug|Any CPU
		{19F1DEBC-DE5E-4517-8062-F000CD499087}.Release|Any CPU.ActiveCfg = Release|Any CPU
		{19F1DEBC-DE5E-4517-8062-F000CD499087}.Release|Any CPU.Build.0 = Release|Any CPU
		{C49CD86E-F3DA-4165-A30A-B9F9B84FB266}.Debug|Any CPU.ActiveCfg = Debug|Any CPU
		{C49CD86E-F3DA-4165-A30A-B9F9B84FB266}.Debug|Any CPU.Build.0 = Debug|Any CPU
		{C49CD86E-F3DA-4165-A30A-B9F9B84FB266}.Release|Any CPU.ActiveCfg = Release|Any CPU
		{C49CD86E-F3DA-4165-A30A-B9F9B84FB266}.Release|Any CPU.Build.0 = Release|Any CPU
	EndGlobalSection
	GlobalSection(SolutionProperties) = preSolution
		HideSolutionNode = FALSE
	EndGlobalSection
EndGlobal
